
Microsoft Visual Studio Solution File, Format Version 12.00
# Visual Studio Version 17
VisualStudioVersion = 17.10.35027.167
MinimumVisualStudioVersion = 10.0.40219.1
Project("{9A19103F-16F7-4668-BE54-9A1E7A4F7556}") = "Catalog.API", "Catalog.API\Catalog.API.csproj", "{020FE73A-E2BE-454B-9CB2-157130F2C0A2}"
EndProject
Project("{E53339B2-1760-4266-BCC7-CA923CBCF16C}") = "docker-compose", "docker-compose.dcproj", "{CB8E5D59-714C-40CB-9059-F5611E70B731}"
EndProject
Project("{9A19103F-16F7-4668-BE54-9A1E7A4F7556}") = "Basket.API", "Basket.API\Basket.API.csproj", "{6B8302E8-FEB9-47F4-BD05-43B8342206A8}"
EndProject
Project("{9A19103F-16F7-4668-BE54-9A1E7A4F7556}") = "Discount.API", "Discount.API\Discount.API.csproj", "{F4A4D5D9-00A9-4474-93A5-902A5E38D342}"
EndProject
Project("{FAE04EC0-301F-11D3-BF4B-00C04F79EFBC}") = "Discount.gRPC", "Discount.gRPC\Discount.gRPC.csproj", "{6DAFF7D1-B7FD-4CBF-8323-A94D4E970167}"
EndProject
Global
	GlobalSection(SolutionConfigurationPlatforms) = preSolution
		Debug|Any CPU = Debug|Any CPU
		Release|Any CPU = Release|Any CPU
	EndGlobalSection
	GlobalSection(ProjectConfigurationPlatforms) = postSolution
		{020FE73A-E2BE-454B-9CB2-157130F2C0A2}.Debug|Any CPU.ActiveCfg = Debug|Any CPU
		{020FE73A-E2BE-454B-9CB2-157130F2C0A2}.Debug|Any CPU.Build.0 = Debug|Any CPU
		{020FE73A-E2BE-454B-9CB2-157130F2C0A2}.Release|Any CPU.ActiveCfg = Release|Any CPU
		{020FE73A-E2BE-454B-9CB2-157130F2C0A2}.Release|Any CPU.Build.0 = Release|Any CPU
		{CB8E5D59-714C-40CB-9059-F5611E70B731}.Debug|Any CPU.ActiveCfg = Debug|Any CPU
		{CB8E5D59-714C-40CB-9059-F5611E70B731}.Debug|Any CPU.Build.0 = Debug|Any CPU
		{CB8E5D59-714C-40CB-9059-F5611E70B731}.Release|Any CPU.ActiveCfg = Release|Any CPU
		{CB8E5D59-714C-40CB-9059-F5611E70B731}.Release|Any CPU.Build.0 = Release|Any CPU
		{6B8302E8-FEB9-47F4-BD05-43B8342206A8}.Debug|Any CPU.ActiveCfg = Debug|Any CPU
		{6B8302E8-FEB9-47F4-BD05-43B8342206A8}.Debug|Any CPU.Build.0 = Debug|Any CPU
		{6B8302E8-FEB9-47F4-BD05-43B8342206A8}.Release|Any CPU.ActiveCfg = Release|Any CPU
		{6B8302E8-FEB9-47F4-BD05-43B8342206A8}.Release|Any CPU.Build.0 = Release|Any CPU
		{F4A4D5D9-00A9-4474-93A5-902A5E38D342}.Debug|Any CPU.ActiveCfg = Debug|Any CPU
		{F4A4D5D9-00A9-4474-93A5-902A5E38D342}.Debug|Any CPU.Build.0 = Debug|Any CPU
		{F4A4D5D9-00A9-4474-93A5-902A5E38D342}.Release|Any CPU.ActiveCfg = Release|Any CPU
		{F4A4D5D9-00A9-4474-93A5-902A5E38D342}.Release|Any CPU.Build.0 = Release|Any CPU
		{6DAFF7D1-B7FD-4CBF-8323-A94D4E970167}.Debug|Any CPU.ActiveCfg = Debug|Any CPU
		{6DAFF7D1-B7FD-4CBF-8323-A94D4E970167}.Debug|Any CPU.Build.0 = Debug|Any CPU
		{6DAFF7D1-B7FD-4CBF-8323-A94D4E970167}.Release|Any CPU.ActiveCfg = Release|Any CPU
		{6DAFF7D1-B7FD-4CBF-8323-A94D4E970167}.Release|Any CPU.Build.0 = Release|Any CPU
	EndGlobalSection
	GlobalSection(SolutionProperties) = preSolution
		HideSolutionNode = FALSE
	EndGlobalSection
	GlobalSection(ExtensibilityGlobals) = postSolution
		SolutionGuid = {04CFA74D-029A-4D05-B903-F6A87C531AD5}
	EndGlobalSection
EndGlobal
